
Microsoft Visual Studio Solution File, Format Version 12.00
# Visual Studio Version 17
VisualStudioVersion = 17.8.34322.80
MinimumVisualStudioVersion = 10.0.40219.1
Project("{9A19103F-16F7-4668-BE54-9A1E7A4F7556}") = "DiscountCodeGenrator", "DiscountCodeGenrator\DiscountCodeGenrator.csproj", "{0F4EDB12-3137-468D-B5DD-E64ABA260594}"
EndProject
Project("{9A19103F-16F7-4668-BE54-9A1E7A4F7556}") = "DiscountGeneratorClient", "DiscountGeneratorClient\DiscountGeneratorClient.csproj", "{A15FE99D-DB4B-4344-929A-FA16B488B3B3}"
EndProject
Project("{9A19103F-16F7-4668-BE54-9A1E7A4F7556}") = "DiscountCodeGenerator.Data", "DiscountCodeGenerator.Persistence\DiscountCodeGenerator.Data.csproj", "{D6E31149-F8A5-43A6-830A-9184F8816515}"
EndProject
Project("{FAE04EC0-301F-11D3-BF4B-00C04F79EFBC}") = "DiscountCodeGenratorTests", "DiscountCodeGenratorTests\DiscountCodeGenratorTests.csproj", "{F44CC626-86A3-4163-A285-9D9F275CC7DF}"
EndProject
Global
	GlobalSection(SolutionConfigurationPlatforms) = preSolution
		Debug|Any CPU = Debug|Any CPU
		Release|Any CPU = Release|Any CPU
	EndGlobalSection
	GlobalSection(ProjectConfigurationPlatforms) = postSolution
		{0F4EDB12-3137-468D-B5DD-E64ABA260594}.Debug|Any CPU.ActiveCfg = Debug|Any CPU
		{0F4EDB12-3137-468D-B5DD-E64ABA260594}.Debug|Any CPU.Build.0 = Debug|Any CPU
		{0F4EDB12-3137-468D-B5DD-E64ABA260594}.Release|Any CPU.ActiveCfg = Release|Any CPU
		{0F4EDB12-3137-468D-B5DD-E64ABA260594}.Release|Any CPU.Build.0 = Release|Any CPU
		{A15FE99D-DB4B-4344-929A-FA16B488B3B3}.Debug|Any CPU.ActiveCfg = Debug|Any CPU
		{A15FE99D-DB4B-4344-929A-FA16B488B3B3}.Debug|Any CPU.Build.0 = Debug|Any CPU
		{A15FE99D-DB4B-4344-929A-FA16B488B3B3}.Release|Any CPU.ActiveCfg = Release|Any CPU
		{A15FE99D-DB4B-4344-929A-FA16B488B3B3}.Release|Any CPU.Build.0 = Release|Any CPU
		{D6E31149-F8A5-43A6-830A-9184F8816515}.Debug|Any CPU.ActiveCfg = Debug|Any CPU
		{D6E31149-F8A5-43A6-830A-9184F8816515}.Debug|Any CPU.Build.0 = Debug|Any CPU
		{D6E31149-F8A5-43A6-830A-9184F8816515}.Release|Any CPU.ActiveCfg = Release|Any CPU
		{D6E31149-F8A5-43A6-830A-9184F8816515}.Release|Any CPU.Build.0 = Release|Any CPU
		{F44CC626-86A3-4163-A285-9D9F275CC7DF}.Debug|Any CPU.ActiveCfg = Debug|Any CPU
		{F44CC626-86A3-4163-A285-9D9F275CC7DF}.Debug|Any CPU.Build.0 = Debug|Any CPU
		{F44CC626-86A3-4163-A285-9D9F275CC7DF}.Release|Any CPU.ActiveCfg = Release|Any CPU
		{F44CC626-86A3-4163-A285-9D9F275CC7DF}.Release|Any CPU.Build.0 = Release|Any CPU
	EndGlobalSection
	GlobalSection(SolutionProperties) = preSolution
		HideSolutionNode = FALSE
	EndGlobalSection
	GlobalSection(ExtensibilityGlobals) = postSolution
		SolutionGuid = {3CF98F58-EF27-4544-B950-7EF17A4A1710}
	EndGlobalSection
EndGlobal
